{
    "name": "rskapi",
    "version": "0.0.8",
    "lockfileVersion": 1,
    "requires": true,
    "dependencies": {
        "simplejsonrpc": {
            "version": "0.0.4",
            "resolved": "https://registry.npmjs.org/simplejsonrpc/-/simplejsonrpc-0.0.4.tgz",
            "integrity": "sha512-qj/Hz5xR+ZecfYmAQI/rbx0Jumbr3jXDWUrToAFEKISakTtbHhSh516C2gTR+UWQ5R6KOP+P1m3mZV2st5uRPg=="
        },
        "simpleunit": {
            "version": "0.0.7",
            "resolved": "https://registry.npmjs.org/simpleunit/-/simpleunit-0.0.7.tgz",
            "integrity": "sha1-vM76YweKvDZDtbwPOnYYFjgH0rw=",
            "dev": true,
            "requires": {
                "colors": "0.6.2"
            },
            "dependencies": {
                "colors": {
                    "version": "0.6.2",
                    "resolved": "https://registry.npmjs.org/colors/-/colors-0.6.2.tgz",
                    "integrity": "sha1-JCP+ZnisDF2uiFLl0OW+CMmXq8w=",
                    "dev": true
                }
            }
        }
    }
}
