{
    "name": "rskapi",
    "version": "0.0.5",
    "lockfileVersion": 1,
    "requires": true,
    "dependencies": {
        "colors": {
            "version": "https://registry.npmjs.org/colors/-/colors-0.6.2.tgz",
            "integrity": "sha1-JCP+ZnisDF2uiFLl0OW+CMmXq8w=",
            "dev": true
        },
        "simplejsonrpc": {
            "version": "https://registry.npmjs.org/simplejsonrpc/-/simplejsonrpc-0.0.3.tgz",
            "integrity": "sha1-4ZqWOqIB8DbzjPStit+bt7q7Xj8="
        },
        "simpleunit": {
            "version": "https://registry.npmjs.org/simpleunit/-/simpleunit-0.0.7.tgz",
            "integrity": "sha1-vM76YweKvDZDtbwPOnYYFjgH0rw=",
            "dev": true,
            "requires": {
                "colors": "https://registry.npmjs.org/colors/-/colors-0.6.2.tgz"
            }
        }
    }
}
